
Microsoft Visual Studio Solution File, Format Version 11.00
# Visual Studio 2010
Project("{FAE04EC0-301F-11D3-BF4B-00C04F79EFBC}") = "Assembly-CSharp", "Assembly-CSharp.csproj", "{9fefbb7f-300b-8ddb-32e9-7ba3efe5026e}"
EndProject
Project("{FAE04EC0-301F-11D3-BF4B-00C04F79EFBC}") = "Assembly-CSharp-firstpass", "Assembly-CSharp-firstpass.csproj", "{78b480af-457a-e796-236b-f6cfdaa309ff}"
EndProject
Project("{FAE04EC0-301F-11D3-BF4B-00C04F79EFBC}") = "Assembly-CSharp-Editor", "Assembly-CSharp-Editor.csproj", "{413e63dd-4635-d814-3373-302f1b6b9b42}"
EndProject
Global
	GlobalSection(SolutionConfigurationPlatforms) = preSolution
		Debug|Any CPU = Debug|Any CPU
	EndGlobalSection
	GlobalSection(ProjectConfigurationPlatforms) = postSolution
		{9fefbb7f-300b-8ddb-32e9-7ba3efe5026e}.Debug|Any CPU.ActiveCfg = Debug|Any CPU
		{9fefbb7f-300b-8ddb-32e9-7ba3efe5026e}.Debug|Any CPU.Build.0 = Debug|Any CPU
		{78b480af-457a-e796-236b-f6cfdaa309ff}.Debug|Any CPU.ActiveCfg = Debug|Any CPU
		{78b480af-457a-e796-236b-f6cfdaa309ff}.Debug|Any CPU.Build.0 = Debug|Any CPU
		{413e63dd-4635-d814-3373-302f1b6b9b42}.Debug|Any CPU.ActiveCfg = Debug|Any CPU
		{413e63dd-4635-d814-3373-302f1b6b9b42}.Debug|Any CPU.Build.0 = Debug|Any CPU
	EndGlobalSection
	GlobalSection(SolutionProperties) = preSolution
		HideSolutionNode = FALSE
	EndGlobalSection
EndGlobal
